// !$*UTF8*$!
{
	archiveVersion = 1;
	classes = {
	};
	objectVersion = 46;
	objects = {

/* Begin PBXBuildFile section */
		07136ED71DB6506E00A9FFC3 /* unity_psvr.c in Sources */ = {isa = PBXBuildFile; fileRef = 07136ED51DB6506E00A9FFC3 /* unity_psvr.c */; };
		07136EE61DB65D9600A9FFC3 /* libhidapi.a in Frameworks */ = {isa = PBXBuildFile; fileRef = 07136EE51DB65D9600A9FFC3 /* libhidapi.a */; };
/* End PBXBuildFile section */

/* Begin PBXFileReference section */
		07136ECC1DB64F2700A9FFC3 /* UnityPSVR.bundle */ = {isa = PBXFileReference; explicitFileType = wrapper.cfbundle; includeInIndex = 0; path = UnityPSVR.bundle; sourceTree = BUILT_PRODUCTS_DIR; };
		07136ECF1DB64F2700A9FFC3 /* Info.plist */ = {isa = PBXFileReference; lastKnownFileType = text.plist.xml; path = Info.plist; sourceTree = "<group>"; };
		07136ED51DB6506E00A9FFC3 /* unity_psvr.c */ = {isa = PBXFileReference; fileEncoding = 4; lastKnownFileType = sourcecode.c.c; path = unity_psvr.c; sourceTree = "<group>"; };
		07136ED61DB6506E00A9FFC3 /* unity_psvr.h */ = {isa = PBXFileReference; fileEncoding = 4; lastKnownFileType = sourcecode.c.h; path = unity_psvr.h; sourceTree = "<group>"; };
		07136ED81DB657F200A9FFC3 /* hidapi */ = {isa = PBXFileReference; lastKnownFileType = folder; path = hidapi; sourceTree = "<group>"; };
		07136EE51DB65D9600A9FFC3 /* libhidapi.a */ = {isa = PBXFileReference; lastKnownFileType = archive.ar; name = libhidapi.a; path = ../../../../../usr/local/lib/libhidapi.a; sourceTree = "<group>"; };
/* End PBXFileReference section */

/* Begin PBXFrameworksBuildPhase section */
		07136EC91DB64F2700A9FFC3 /* Frameworks */ = {
			isa = PBXFrameworksBuildPhase;
			buildActionMask = 2147483647;
			files = (
				07136EE61DB65D9600A9FFC3 /* libhidapi.a in Frameworks */,
			);
			runOnlyForDeploymentPostprocessing = 0;
		};
/* End PBXFrameworksBuildPhase section */

/* Begin PBXGroup section */
		07136EC31DB64F2700A9FFC3 = {
			isa = PBXGroup;
			children = (
				07136ED81DB657F200A9FFC3 /* hidapi */,
				07136ECE1DB64F2700A9FFC3 /* UnityPSVR */,
				07136ECD1DB64F2700A9FFC3 /* Products */,
				07136EDA1DB6597100A9FFC3 /* Frameworks */,
			);
			sourceTree = "<group>";
		};
		07136ECD1DB64F2700A9FFC3 /* Products */ = {
			isa = PBXGroup;
			children = (
				07136ECC1DB64F2700A9FFC3 /* UnityPSVR.bundle */,
			);
			name = Products;
			sourceTree = "<group>";
		};
		07136ECE1DB64F2700A9FFC3 /* UnityPSVR */ = {
			isa = PBXGroup;
			children = (
				07136ECF1DB64F2700A9FFC3 /* Info.plist */,
				07136ED51DB6506E00A9FFC3 /* unity_psvr.c */,
				07136ED61DB6506E00A9FFC3 /* unity_psvr.h */,
			);
			path = UnityPSVR;
			sourceTree = "<group>";
		};
		07136EDA1DB6597100A9FFC3 /* Frameworks */ = {
			isa = PBXGroup;
			children = (
				07136EE51DB65D9600A9FFC3 /* libhidapi.a */,
			);
			name = Frameworks;
			sourceTree = "<group>";
		};
/* End PBXGroup section */

/* Begin PBXNativeTarget section */
		07136ECB1DB64F2700A9FFC3 /* UnityPSVR */ = {
			isa = PBXNativeTarget;
			buildConfigurationList = 07136ED21DB64F2700A9FFC3 /* Build configuration list for PBXNativeTarget "UnityPSVR" */;
			buildPhases = (
				07136EC81DB64F2700A9FFC3 /* Sources */,
				07136EC91DB64F2700A9FFC3 /* Frameworks */,
				07136ECA1DB64F2700A9FFC3 /* Resources */,
			);
			buildRules = (
			);
			dependencies = (
			);
			name = UnityPSVR;
			productName = UnityPSVR;
			productReference = 07136ECC1DB64F2700A9FFC3 /* UnityPSVR.bundle */;
			productType = "com.apple.product-type.bundle";
		};
/* End PBXNativeTarget section */

/* Begin PBXProject section */
		07136EC41DB64F2700A9FFC3 /* Project object */ = {
			isa = PBXProject;
			attributes = {
				LastUpgradeCheck = 0800;
				ORGANIZATIONNAME = "寺元健太郎";
				TargetAttributes = {
					07136ECB1DB64F2700A9FFC3 = {
						CreatedOnToolsVersion = 8.0;
						DevelopmentTeam = 3TF5EUAYLV;
						ProvisioningStyle = Automatic;
					};
				};
			};
			buildConfigurationList = 07136EC71DB64F2700A9FFC3 /* Build configuration list for PBXProject "UnityPSVR" */;
			compatibilityVersion = "Xcode 3.2";
			developmentRegion = English;
			hasScannedForEncodings = 0;
			knownRegions = (
				en,
			);
			mainGroup = 07136EC31DB64F2700A9FFC3;
			productRefGroup = 07136ECD1DB64F2700A9FFC3 /* Products */;
			projectDirPath = "";
			projectRoot = "";
			targets = (
				07136ECB1DB64F2700A9FFC3 /* UnityPSVR */,
			);
		};
/* End PBXProject section */

/* Begin PBXResourcesBuildPhase section */
		07136ECA1DB64F2700A9FFC3 /* Resources */ = {
			isa = PBXResourcesBuildPhase;
			buildActionMask = 2147483647;
			files = (
			);
			runOnlyForDeploymentPostprocessing = 0;
		};
/* End PBXResourcesBuildPhase section */

/* Begin PBXSourcesBuildPhase section */
		07136EC81DB64F2700A9FFC3 /* Sources */ = {
			isa = PBXSourcesBuildPhase;
			buildActionMask = 2147483647;
			files = (
				07136ED71DB6506E00A9FFC3 /* unity_psvr.c in Sources */,
			);
			runOnlyForDeploymentPostprocessing = 0;
		};
/* End PBXSourcesBuildPhase section */

/* Begin XCBuildConfiguration section */
		07136ED01DB64F2700A9FFC3 /* Debug */ = {
			isa = XCBuildConfiguration;
			buildSettings = {
				ALWAYS_SEARCH_USER_PATHS = NO;
				CLANG_ANALYZER_NONNULL = YES;
				CLANG_CXX_LANGUAGE_STANDARD = "gnu++0x";
				CLANG_CXX_LIBRARY = "libc++";
				CLANG_ENABLE_MODULES = YES;
				CLANG_ENABLE_OBJC_ARC = YES;
				CLANG_WARN_BOOL_CONVERSION = YES;
				CLANG_WARN_CONSTANT_CONVERSION = YES;
				CLANG_WARN_DIRECT_OBJC_ISA_USAGE = YES_ERROR;
				CLANG_WARN_DOCUMENTATION_COMMENTS = YES;
				CLANG_WARN_EMPTY_BODY = YES;
				CLANG_WARN_ENUM_CONVERSION = YES;
				CLANG_WARN_INFINITE_RECURSION = YES;
				CLANG_WARN_INT_CONVERSION = YES;
				CLANG_WARN_OBJC_ROOT_CLASS = YES_ERROR;
				CLANG_WARN_SUSPICIOUS_MOVES = YES;
				CLANG_WARN_UNREACHABLE_CODE = YES;
				CLANG_WARN__DUPLICATE_METHOD_MATCH = YES;
				CODE_SIGN_IDENTITY = "-";
				COPY_PHASE_STRIP = NO;
				DEBUG_INFORMATION_FORMAT = dwarf;
				ENABLE_STRICT_OBJC_MSGSEND = YES;
				ENABLE_TESTABILITY = YES;
				GCC_C_LANGUAGE_STANDARD = gnu99;
				GCC_DYNAMIC_NO_PIC = NO;
				GCC_NO_COMMON_BLOCKS = YES;
				GCC_OPTIMIZATION_LEVEL = 0;
				GCC_PREPROCESSOR_DEFINITIONS = (
					"DEBUG=1",
					"$(inherited)",
				);
				GCC_WARN_64_TO_32_BIT_CONVERSION = YES;
				GCC_WARN_ABOUT_RETURN_TYPE = YES_ERROR;
				GCC_WARN_UNDECLARED_SELECTOR = YES;
				GCC_WARN_UNINITIALIZED_AUTOS = YES_AGGRESSIVE;
				GCC_WARN_UNUSED_FUNCTION = YES;
				GCC_WARN_UNUSED_VARIABLE = YES;
				MACOSX_DEPLOYMENT_TARGET = 10.11;
				MTL_ENABLE_DEBUG_INFO = YES;
				ONLY_ACTIVE_ARCH = YES;
				SDKROOT = macosx;
			};
			name = Debug;
		};
		07136ED11DB64F2700A9FFC3 /* Release */ = {
			isa = XCBuildConfiguration;
			buildSettings = {
				ALWAYS_SEARCH_USER_PATHS = NO;
				CLANG_ANALYZER_NONNULL = YES;
				CLANG_CXX_LANGUAGE_STANDARD = "gnu++0x";
				CLANG_CXX_LIBRARY = "libc++";
				CLANG_ENABLE_MODULES = YES;
				CLANG_ENABLE_OBJC_ARC = YES;
				CLANG_WARN_BOOL_CONVERSION = YES;
				CLANG_WARN_CONSTANT_CONVERSION = YES;
				CLANG_WARN_DIRECT_OBJC_ISA_USAGE = YES_ERROR;
				CLANG_WARN_DOCUMENTATION_COMMENTS = YES;
				CLANG_WARN_EMPTY_BODY = YES;
				CLANG_WARN_ENUM_CONVERSION = YES;
				CLANG_WARN_INFINITE_RECURSION = YES;
				CLANG_WARN_INT_CONVERSION = YES;
				CLANG_WARN_OBJC_ROOT_CLASS = YES_ERROR;
				CLANG_WARN_SUSPICIOUS_MOVES = YES;
				CLANG_WARN_UNREACHABLE_CODE = YES;
				CLANG_WARN__DUPLICATE_METHOD_MATCH = YES;
				CODE_SIGN_IDENTITY = "-";
				COPY_PHASE_STRIP = NO;
				DEBUG_INFORMATION_FORMAT = "dwarf-with-dsym";
				ENABLE_NS_ASSERTIONS = NO;
				ENABLE_STRICT_OBJC_MSGSEND = YES;
				GCC_C_LANGUAGE_STANDARD = gnu99;
				GCC_NO_COMMON_BLOCKS = YES;
				GCC_WARN_64_TO_32_BIT_CONVERSION = YES;
				GCC_WARN_ABOUT_RETURN_TYPE = YES_ERROR;
				GCC_WARN_UNDECLARED_SELECTOR = YES;
				GCC_WARN_UNINITIALIZED_AUTOS = YES_AGGRESSIVE;
				GCC_WARN_UNUSED_FUNCTION = YES;
				GCC_WARN_UNUSED_VARIABLE = YES;
				MACOSX_DEPLOYMENT_TARGET = 10.11;
				MTL_ENABLE_DEBUG_INFO = NO;
				SDKROOT = macosx;
			};
			name = Release;
		};
		07136ED31DB64F2700A9FFC3 /* Debug */ = {
			isa = XCBuildConfiguration;
			buildSettings = {
				COMBINE_HIDPI_IMAGES = YES;
				DEVELOPMENT_TEAM = 3TF5EUAYLV;
				HEADER_SEARCH_PATHS = (
					hidapi,
					hidapi/hidapi,
				);
				INFOPLIST_FILE = UnityPSVR/Info.plist;
				INSTALL_PATH = "$(LOCAL_LIBRARY_DIR)/Bundles";
				LIBRARY_SEARCH_PATHS = /usr/local/lib;
				PRODUCT_BUNDLE_IDENTIFIER = org.horol.UnityPSVR;
				PRODUCT_NAME = "$(TARGET_NAME)";
				SKIP_INSTALL = YES;
				SYMROOT = "/Users/Shared/Unity/Standard\\ Assets\\ Example\\ Project/Assets/Plugins";
				WRAPPER_EXTENSION = bundle;
			};
			name = Debug;
		};
		07136ED41DB64F2700A9FFC3 /* Release */ = {
			isa = XCBuildConfiguration;
			buildSettings = {
				COMBINE_HIDPI_IMAGES = YES;
				DEVELOPMENT_TEAM = 3TF5EUAYLV;
				HEADER_SEARCH_PATHS = (
					hidapi,
					hidapi/hidapi,
				);
				INFOPLIST_FILE = UnityPSVR/Info.plist;
				INSTALL_PATH = "$(LOCAL_LIBRARY_DIR)/Bundles";
				LIBRARY_SEARCH_PATHS = /usr/local/lib;
				PRODUCT_BUNDLE_IDENTIFIER = org.horol.UnityPSVR;
				PRODUCT_NAME = "$(TARGET_NAME)";
				SKIP_INSTALL = YES;
				WRAPPER_EXTENSION = bundle;
			};
			name = Release;
		};
/* End XCBuildConfiguration section */

/* Begin XCConfigurationList section */
		07136EC71DB64F2700A9FFC3 /* Build configuration list for PBXProject "UnityPSVR" */ = {
			isa = XCConfigurationList;
			buildConfigurations = (
				07136ED01DB64F2700A9FFC3 /* Debug */,
				07136ED11DB64F2700A9FFC3 /* Release */,
			);
			defaultConfigurationIsVisible = 0;
			defaultConfigurationName = Release;
		};
		07136ED21DB64F2700A9FFC3 /* Build configuration list for PBXNativeTarget "UnityPSVR" */ = {
			isa = XCConfigurationList;
			buildConfigurations = (
				07136ED31DB64F2700A9FFC3 /* Debug */,
				07136ED41DB64F2700A9FFC3 /* Release */,
			);
			defaultConfigurationIsVisible = 0;
		};
/* End XCConfigurationList section */
	};
	rootObject = 07136EC41DB64F2700A9FFC3 /* Project object */;
}
